
Microsoft Visual Studio Solution File, Format Version 12.00
# Visual Studio Version 17
VisualStudioVersion = 17.2.32630.192
MinimumVisualStudioVersion = 10.0.40219.1
Project("{9A19103F-16F7-4668-BE54-9A1E7A4F7556}") = "Business", "Business\Business.csproj", "{C7ABAA6F-3A90-4365-B0E5-8564CE6A69DA}"
EndProject
Project("{9A19103F-16F7-4668-BE54-9A1E7A4F7556}") = "Core", "Core\Core.csproj", "{54FB399B-C70F-4AEE-A6D5-F973AC2A3899}"
EndProject
Project("{9A19103F-16F7-4668-BE54-9A1E7A4F7556}") = "DataAccess", "DataAccess\DataAccess.csproj", "{7359289B-2540-4341-9098-DE6B3EA4E958}"
EndProject
Project("{9A19103F-16F7-4668-BE54-9A1E7A4F7556}") = "Entities", "Entities\Entities.csproj", "{72B316A0-3F98-4FA2-AE46-86C3F7494E01}"
EndProject
Project("{9A19103F-16F7-4668-BE54-9A1E7A4F7556}") = "Shared", "Shared\Shared.csproj", "{D14444FB-A138-497E-8C83-95975105B260}"
EndProject
Project("{9A19103F-16F7-4668-BE54-9A1E7A4F7556}") = "API", "API\API.csproj", "{07B50EBF-C967-4DDF-B7FA-B1054C4C1E87}"
EndProject
Global
	GlobalSection(SolutionConfigurationPlatforms) = preSolution
		Debug|Any CPU = Debug|Any CPU
		Release|Any CPU = Release|Any CPU
	EndGlobalSection
	GlobalSection(ProjectConfigurationPlatforms) = postSolution
		{C7ABAA6F-3A90-4365-B0E5-8564CE6A69DA}.Debug|Any CPU.ActiveCfg = Debug|Any CPU
		{C7ABAA6F-3A90-4365-B0E5-8564CE6A69DA}.Debug|Any CPU.Build.0 = Debug|Any CPU
		{C7ABAA6F-3A90-4365-B0E5-8564CE6A69DA}.Release|Any CPU.ActiveCfg = Release|Any CPU
		{C7ABAA6F-3A90-4365-B0E5-8564CE6A69DA}.Release|Any CPU.Build.0 = Release|Any CPU
		{54FB399B-C70F-4AEE-A6D5-F973AC2A3899}.Debug|Any CPU.ActiveCfg = Debug|Any CPU
		{54FB399B-C70F-4AEE-A6D5-F973AC2A3899}.Debug|Any CPU.Build.0 = Debug|Any CPU
		{54FB399B-C70F-4AEE-A6D5-F973AC2A3899}.Release|Any CPU.ActiveCfg = Release|Any CPU
		{54FB399B-C70F-4AEE-A6D5-F973AC2A3899}.Release|Any CPU.Build.0 = Release|Any CPU
		{7359289B-2540-4341-9098-DE6B3EA4E958}.Debug|Any CPU.ActiveCfg = Debug|Any CPU
		{7359289B-2540-4341-9098-DE6B3EA4E958}.Debug|Any CPU.Build.0 = Debug|Any CPU
		{7359289B-2540-4341-9098-DE6B3EA4E958}.Release|Any CPU.ActiveCfg = Release|Any CPU
		{7359289B-2540-4341-9098-DE6B3EA4E958}.Release|Any CPU.Build.0 = Release|Any CPU
		{72B316A0-3F98-4FA2-AE46-86C3F7494E01}.Debug|Any CPU.ActiveCfg = Debug|Any CPU
		{72B316A0-3F98-4FA2-AE46-86C3F7494E01}.Debug|Any CPU.Build.0 = Debug|Any CPU
		{72B316A0-3F98-4FA2-AE46-86C3F7494E01}.Release|Any CPU.ActiveCfg = Release|Any CPU
		{72B316A0-3F98-4FA2-AE46-86C3F7494E01}.Release|Any CPU.Build.0 = Release|Any CPU
		{D14444FB-A138-497E-8C83-95975105B260}.Debug|Any CPU.ActiveCfg = Debug|Any CPU
		{D14444FB-A138-497E-8C83-95975105B260}.Debug|Any CPU.Build.0 = Debug|Any CPU
		{D14444FB-A138-497E-8C83-95975105B260}.Release|Any CPU.ActiveCfg = Release|Any CPU
		{D14444FB-A138-497E-8C83-95975105B260}.Release|Any CPU.Build.0 = Release|Any CPU
		{07B50EBF-C967-4DDF-B7FA-B1054C4C1E87}.Debug|Any CPU.ActiveCfg = Debug|Any CPU
		{07B50EBF-C967-4DDF-B7FA-B1054C4C1E87}.Debug|Any CPU.Build.0 = Debug|Any CPU
		{07B50EBF-C967-4DDF-B7FA-B1054C4C1E87}.Release|Any CPU.ActiveCfg = Release|Any CPU
		{07B50EBF-C967-4DDF-B7FA-B1054C4C1E87}.Release|Any CPU.Build.0 = Release|Any CPU
	EndGlobalSection
	GlobalSection(SolutionProperties) = preSolution
		HideSolutionNode = FALSE
	EndGlobalSection
	GlobalSection(ExtensibilityGlobals) = postSolution
		SolutionGuid = {EE01475A-3AFC-40C5-9C22-F117B1594D72}
	EndGlobalSection
EndGlobal
